
Microsoft Visual Studio Solution File, Format Version 12.00
# Visual Studio Version 16
VisualStudioVersion = 16.0.30804.86
MinimumVisualStudioVersion = 10.0.40219.1
Project("{9A19103F-16F7-4668-BE54-9A1E7A4F7556}") = "BasicConcepts", "BasicConcepts\BasicConcepts.csproj", "{52DAF43A-282C-4224-A4A5-0E5F9E9449DD}"
EndProject
Project("{2150E333-8FDC-42A3-9474-1A3956D46DE8}") = "Solution Items", "Solution Items", "{111E8A0C-5406-44E0-A478-F3200E5476E3}"
	ProjectSection(SolutionItems) = preProject
		.editorconfig = .editorconfig
	EndProjectSection
EndProject
Project("{FAE04EC0-301F-11D3-BF4B-00C04F79EFBC}") = "OopsBasics", "OopsBasics\OopsBasics.csproj", "{DA3A739C-73C5-403C-AA75-CD910D1F571E}"
EndProject
Global
	GlobalSection(SolutionConfigurationPlatforms) = preSolution
		Debug|Any CPU = Debug|Any CPU
		Release|Any CPU = Release|Any CPU
	EndGlobalSection
	GlobalSection(ProjectConfigurationPlatforms) = postSolution
		{52DAF43A-282C-4224-A4A5-0E5F9E9449DD}.Debug|Any CPU.ActiveCfg = Debug|Any CPU
		{52DAF43A-282C-4224-A4A5-0E5F9E9449DD}.Debug|Any CPU.Build.0 = Debug|Any CPU
		{52DAF43A-282C-4224-A4A5-0E5F9E9449DD}.Release|Any CPU.ActiveCfg = Release|Any CPU
		{52DAF43A-282C-4224-A4A5-0E5F9E9449DD}.Release|Any CPU.Build.0 = Release|Any CPU
		{DA3A739C-73C5-403C-AA75-CD910D1F571E}.Debug|Any CPU.ActiveCfg = Debug|Any CPU
		{DA3A739C-73C5-403C-AA75-CD910D1F571E}.Debug|Any CPU.Build.0 = Debug|Any CPU
		{DA3A739C-73C5-403C-AA75-CD910D1F571E}.Release|Any CPU.ActiveCfg = Release|Any CPU
		{DA3A739C-73C5-403C-AA75-CD910D1F571E}.Release|Any CPU.Build.0 = Release|Any CPU
	EndGlobalSection
	GlobalSection(SolutionProperties) = preSolution
		HideSolutionNode = FALSE
	EndGlobalSection
	GlobalSection(ExtensibilityGlobals) = postSolution
		SolutionGuid = {EB8DD53D-1044-4C12-B212-8CB7538A9D48}
	EndGlobalSection
EndGlobal
